{
    "name": "cf-analytics-worker",
    "version": "1.0.0",
    "lockfileVersion": 3,
    "requires": true,
    "packages": {
        "": {
            "name": "cf-analytics-worker",
            "version": "1.0.0",
            "devDependencies": {
                "@cloudflare/workers-types": "^4.2025.0",
                "itty-router": "^3.0.7",
                "prettier": "^3.6.2",
                "typescript": "^4.9.5"
            }
        },
        "node_modules/@cloudflare/workers-types": {
            "version": "4.20250627.0",
            "resolved": "https://registry.npmjs.org/@cloudflare/workers-types/-/workers-types-4.20250627.0.tgz",
            "integrity": "sha512-1il2InPF6NwucUwDl9RL6KLUfJuqaLazGTa9IZRO/XqMFggtGOXuc9X9wZ+IH1PTOWkdJ+jN+woyjj0W2CcTKg==",
            "dev": true,
            "license": "MIT OR Apache-2.0"
        },
        "node_modules/itty-router": {
            "version": "3.0.12",
            "resolved": "https://registry.npmjs.org/itty-router/-/itty-router-3.0.12.tgz",
            "integrity": "sha512-s98XTPhle6GGbaFf0kYrOD3Q8gyhnqvOqkwYijC3AmkceNKqWUp13YHg6dWmqmVv4pP7l7c94XI92I0EXVGO0w==",
            "dev": true,
            "license": "MIT"
        },
        "node_modules/prettier": {
            "version": "3.6.2",
            "resolved": "https://registry.npmjs.org/prettier/-/prettier-3.6.2.tgz",
            "integrity": "sha512-I7AIg5boAr5R0FFtJ6rCfD+LFsWHp81dolrFD8S79U9tb8Az2nGrJncnMSnys+bpQJfRUzqs9hnA81OAA3hCuQ==",
            "dev": true,
            "license": "MIT",
            "bin": {
                "prettier": "bin/prettier.cjs"
            },
            "engines": {
                "node": ">=14"
            },
            "funding": {
                "url": "https://github.com/prettier/prettier?sponsor=1"
            }
        },
        "node_modules/typescript": {
            "version": "4.9.5",
            "resolved": "https://registry.npmjs.org/typescript/-/typescript-4.9.5.tgz",
            "integrity": "sha512-1FXk9E2Hm+QzZQ7z+McJiHL4NW1F2EzMu9Nq9i3zAaGqibafqYwCVU6WyWAuyQRRzOlxou8xZSyXLEN8oKj24g==",
            "dev": true,
            "license": "Apache-2.0",
            "bin": {
                "tsc": "bin/tsc",
                "tsserver": "bin/tsserver"
            },
            "engines": {
                "node": ">=4.2.0"
            }
        }
    }
}
